{
  "name": "@rogerchappel/repo-review-skill",
  "version": "1.0.0",
  "lockfileVersion": 3,
  "requires": true,
  "packages": {
    "": {
      "name": "@rogerchappel/repo-review-skill",
      "version": "1.0.0",
      "license": "MIT",
      "bin": {
        "repo-review-skill": "bin/repo-review-skill.js"
      },
      "engines": {
        "node": ">=18"
      }
    }
  }
}
